
Microsoft Visual Studio Solution File, Format Version 12.00
# Visual Studio Version 16
VisualStudioVersion = 16.0.30709.132
MinimumVisualStudioVersion = 10.0.40219.1
Project("{9A19103F-16F7-4668-BE54-9A1E7A4F7556}") = "Wipro.ProvaProgramacao.CSharpV3.WebApi", "Wipro.ProvaProgramacao.CSharpV3.WebApi\Wipro.ProvaProgramacao.CSharpV3.WebApi.csproj", "{B4F7A153-0E84-46F4-9664-4EF9E2AD9E34}"
EndProject
Project("{9A19103F-16F7-4668-BE54-9A1E7A4F7556}") = "Wipro.ProvaProgramacao.CSharpV3.Data", "Wipro.ProvaProgramacao.CSharpV3.Data\Wipro.ProvaProgramacao.CSharpV3.Data.csproj", "{6CB60859-AC26-4A88-B9A1-772046DC81A1}"
EndProject
Project("{9A19103F-16F7-4668-BE54-9A1E7A4F7556}") = "Wipro.ProvaProgramacao.CSharpV3.Domain", "Wipro.ProvaProgramacao.CSharpV3.Domain\Wipro.ProvaProgramacao.CSharpV3.Domain.csproj", "{DA3B6D93-FC0A-47EC-9919-9C7E76D7F30B}"
EndProject
Project("{9A19103F-16F7-4668-BE54-9A1E7A4F7556}") = "Wipro.ProvaProgramacao.CSharpV3.Infra", "Wipro.ProvaProgramacao.CSharpV3.Infra\Wipro.ProvaProgramacao.CSharpV3.Infra.csproj", "{9D6EC65B-C196-499C-AC26-506571CB8342}"
EndProject
Project("{9A19103F-16F7-4668-BE54-9A1E7A4F7556}") = "Wipro.ProvaProgramacao.CSharpV3.Service", "Wipro.ProvaProgramacao.CSharpV3.Service\Wipro.ProvaProgramacao.CSharpV3.Service.csproj", "{B4195F69-1C80-4D3F-85DA-70E7767802B8}"
EndProject
Global
	GlobalSection(SolutionConfigurationPlatforms) = preSolution
		Debug|Any CPU = Debug|Any CPU
		Release|Any CPU = Release|Any CPU
	EndGlobalSection
	GlobalSection(ProjectConfigurationPlatforms) = postSolution
		{B4F7A153-0E84-46F4-9664-4EF9E2AD9E34}.Debug|Any CPU.ActiveCfg = Debug|Any CPU
		{B4F7A153-0E84-46F4-9664-4EF9E2AD9E34}.Debug|Any CPU.Build.0 = Debug|Any CPU
		{B4F7A153-0E84-46F4-9664-4EF9E2AD9E34}.Release|Any CPU.ActiveCfg = Release|Any CPU
		{B4F7A153-0E84-46F4-9664-4EF9E2AD9E34}.Release|Any CPU.Build.0 = Release|Any CPU
		{6CB60859-AC26-4A88-B9A1-772046DC81A1}.Debug|Any CPU.ActiveCfg = Debug|Any CPU
		{6CB60859-AC26-4A88-B9A1-772046DC81A1}.Debug|Any CPU.Build.0 = Debug|Any CPU
		{6CB60859-AC26-4A88-B9A1-772046DC81A1}.Release|Any CPU.ActiveCfg = Release|Any CPU
		{6CB60859-AC26-4A88-B9A1-772046DC81A1}.Release|Any CPU.Build.0 = Release|Any CPU
		{DA3B6D93-FC0A-47EC-9919-9C7E76D7F30B}.Debug|Any CPU.ActiveCfg = Debug|Any CPU
		{DA3B6D93-FC0A-47EC-9919-9C7E76D7F30B}.Debug|Any CPU.Build.0 = Debug|Any CPU
		{DA3B6D93-FC0A-47EC-9919-9C7E76D7F30B}.Release|Any CPU.ActiveCfg = Release|Any CPU
		{DA3B6D93-FC0A-47EC-9919-9C7E76D7F30B}.Release|Any CPU.Build.0 = Release|Any CPU
		{9D6EC65B-C196-499C-AC26-506571CB8342}.Debug|Any CPU.ActiveCfg = Debug|Any CPU
		{9D6EC65B-C196-499C-AC26-506571CB8342}.Debug|Any CPU.Build.0 = Debug|Any CPU
		{9D6EC65B-C196-499C-AC26-506571CB8342}.Release|Any CPU.ActiveCfg = Release|Any CPU
		{9D6EC65B-C196-499C-AC26-506571CB8342}.Release|Any CPU.Build.0 = Release|Any CPU
		{B4195F69-1C80-4D3F-85DA-70E7767802B8}.Debug|Any CPU.ActiveCfg = Debug|Any CPU
		{B4195F69-1C80-4D3F-85DA-70E7767802B8}.Debug|Any CPU.Build.0 = Debug|Any CPU
		{B4195F69-1C80-4D3F-85DA-70E7767802B8}.Release|Any CPU.ActiveCfg = Release|Any CPU
		{B4195F69-1C80-4D3F-85DA-70E7767802B8}.Release|Any CPU.Build.0 = Release|Any CPU
	EndGlobalSection
	GlobalSection(SolutionProperties) = preSolution
		HideSolutionNode = FALSE
	EndGlobalSection
	GlobalSection(ExtensibilityGlobals) = postSolution
		SolutionGuid = {F8CA8EC2-A98A-47E7-8262-572DB647D9CE}
	EndGlobalSection
EndGlobal
